// !$*UTF8*$!
{
	archiveVersion = 1;
	classes = {
	};
	objectVersion = 50;
	objects = {

/* Begin PBXBuildFile section */
		412BF3952726D0E4001B262E /* MovieDetailView.swift in Sources */ = {isa = PBXBuildFile; fileRef = 412BF3942726D0E4001B262E /* MovieDetailView.swift */; };
		412BF39D27270E03001B262E /* MovieRowView.swift in Sources */ = {isa = PBXBuildFile; fileRef = 412BF39C27270E02001B262E /* MovieRowView.swift */; };
		419F2D81272788D50041D5E0 /* SearchBar.swift in Sources */ = {isa = PBXBuildFile; fileRef = 419F2D80272788D50041D5E0 /* SearchBar.swift */; };
		419F2D872727B83A0041D5E0 /* Readme.md in Resources */ = {isa = PBXBuildFile; fileRef = 419F2D862727B83A0041D5E0 /* Readme.md */; };
		41F5303C27243A84001952A4 /* KUMUvieApp.swift in Sources */ = {isa = PBXBuildFile; fileRef = 41F5303B27243A84001952A4 /* KUMUvieApp.swift */; };
		41F5304027243A85001952A4 /* Assets.xcassets in Resources */ = {isa = PBXBuildFile; fileRef = 41F5303F27243A85001952A4 /* Assets.xcassets */; };
		41F5304327243A85001952A4 /* Preview Assets.xcassets in Resources */ = {isa = PBXBuildFile; fileRef = 41F5304227243A85001952A4 /* Preview Assets.xcassets */; };
		41F5304827243A86001952A4 /* KUMUvie.xcdatamodeld in Sources */ = {isa = PBXBuildFile; fileRef = 41F5304627243A86001952A4 /* KUMUvie.xcdatamodeld */; };
		41F53052272612D7001952A4 /* MovieListView.swift in Sources */ = {isa = PBXBuildFile; fileRef = 41F53051272612D7001952A4 /* MovieListView.swift */; };
		41F5305727261D8F001952A4 /* MovieViewModel.swift in Sources */ = {isa = PBXBuildFile; fileRef = 41F5305627261D8F001952A4 /* MovieViewModel.swift */; };
		41F5305A27261DA7001952A4 /* APIRequest.swift in Sources */ = {isa = PBXBuildFile; fileRef = 41F5305927261DA7001952A4 /* APIRequest.swift */; };
		41F5305D27261DC0001952A4 /* Movie.swift in Sources */ = {isa = PBXBuildFile; fileRef = 41F5305C27261DC0001952A4 /* Movie.swift */; };
		41F5306027261F15001952A4 /* ImageLoader.swift in Sources */ = {isa = PBXBuildFile; fileRef = 41F5305F27261F15001952A4 /* ImageLoader.swift */; };
		41F5306727261F90001952A4 /* AsyncImage.swift in Sources */ = {isa = PBXBuildFile; fileRef = 41F5306627261F90001952A4 /* AsyncImage.swift */; };
		41F5309D27269DC8001952A4 /* Persistence.swift in Sources */ = {isa = PBXBuildFile; fileRef = 41F5309C27269DC8001952A4 /* Persistence.swift */; };
/* End PBXBuildFile section */

/* Begin PBXFileReference section */
		412BF3942726D0E4001B262E /* MovieDetailView.swift */ = {isa = PBXFileReference; lastKnownFileType = sourcecode.swift; path = MovieDetailView.swift; sourceTree = "<group>"; };
		412BF39C27270E02001B262E /* MovieRowView.swift */ = {isa = PBXFileReference; lastKnownFileType = sourcecode.swift; path = MovieRowView.swift; sourceTree = "<group>"; };
		419F2D80272788D50041D5E0 /* SearchBar.swift */ = {isa = PBXFileReference; lastKnownFileType = sourcecode.swift; path = SearchBar.swift; sourceTree = "<group>"; };
		419F2D862727B83A0041D5E0 /* Readme.md */ = {isa = PBXFileReference; lastKnownFileType = net.daringfireball.markdown; path = Readme.md; sourceTree = "<group>"; };
		41F5303827243A84001952A4 /* KUMUvie.app */ = {isa = PBXFileReference; explicitFileType = wrapper.application; includeInIndex = 0; path = KUMUvie.app; sourceTree = BUILT_PRODUCTS_DIR; };
		41F5303B27243A84001952A4 /* KUMUvieApp.swift */ = {isa = PBXFileReference; lastKnownFileType = sourcecode.swift; path = KUMUvieApp.swift; sourceTree = "<group>"; };
		41F5303F27243A85001952A4 /* Assets.xcassets */ = {isa = PBXFileReference; lastKnownFileType = folder.assetcatalog; path = Assets.xcassets; sourceTree = "<group>"; };
		41F5304227243A85001952A4 /* Preview Assets.xcassets */ = {isa = PBXFileReference; lastKnownFileType = folder.assetcatalog; path = "Preview Assets.xcassets"; sourceTree = "<group>"; };
		41F5304727243A86001952A4 /* KUMUvie.xcdatamodel */ = {isa = PBXFileReference; lastKnownFileType = wrapper.xcdatamodel; path = KUMUvie.xcdatamodel; sourceTree = "<group>"; };
		41F5304927243A86001952A4 /* Info.plist */ = {isa = PBXFileReference; lastKnownFileType = text.plist.xml; path = Info.plist; sourceTree = "<group>"; };
		41F53051272612D7001952A4 /* MovieListView.swift */ = {isa = PBXFileReference; lastKnownFileType = sourcecode.swift; path = MovieListView.swift; sourceTree = "<group>"; };
		41F5305627261D8F001952A4 /* MovieViewModel.swift */ = {isa = PBXFileReference; lastKnownFileType = sourcecode.swift; path = MovieViewModel.swift; sourceTree = "<group>"; };
		41F5305927261DA7001952A4 /* APIRequest.swift */ = {isa = PBXFileReference; lastKnownFileType = sourcecode.swift; path = APIRequest.swift; sourceTree = "<group>"; };
		41F5305C27261DC0001952A4 /* Movie.swift */ = {isa = PBXFileReference; lastKnownFileType = sourcecode.swift; path = Movie.swift; sourceTree = "<group>"; };
		41F5305F27261F15001952A4 /* ImageLoader.swift */ = {isa = PBXFileReference; lastKnownFileType = sourcecode.swift; path = ImageLoader.swift; sourceTree = "<group>"; };
		41F5306627261F90001952A4 /* AsyncImage.swift */ = {isa = PBXFileReference; lastKnownFileType = sourcecode.swift; path = AsyncImage.swift; sourceTree = "<group>"; };
		41F5309C27269DC8001952A4 /* Persistence.swift */ = {isa = PBXFileReference; fileEncoding = 4; lastKnownFileType = sourcecode.swift; path = Persistence.swift; sourceTree = "<group>"; };
/* End PBXFileReference section */

/* Begin PBXFrameworksBuildPhase section */
		41F5303527243A84001952A4 /* Frameworks */ = {
			isa = PBXFrameworksBuildPhase;
			buildActionMask = 2147483647;
			files = (
			);
			runOnlyForDeploymentPostprocessing = 0;
		};
/* End PBXFrameworksBuildPhase section */

/* Begin PBXGroup section */
		412BF39727270568001B262E /* View */ = {
			isa = PBXGroup;
			children = (
				41F53051272612D7001952A4 /* MovieListView.swift */,
				412BF3942726D0E4001B262E /* MovieDetailView.swift */,
				412BF39C27270E02001B262E /* MovieRowView.swift */,
			);
			path = View;
			sourceTree = "<group>";
		};
		412BF39827270575001B262E /* ViewModel */ = {
			isa = PBXGroup;
			children = (
				41F5309C27269DC8001952A4 /* Persistence.swift */,
				41F5305627261D8F001952A4 /* MovieViewModel.swift */,
			);
			path = ViewModel;
			sourceTree = "<group>";
		};
		412BF39927270582001B262E /* Model */ = {
			isa = PBXGroup;
			children = (
				41F5304627243A86001952A4 /* KUMUvie.xcdatamodeld */,
				41F5305C27261DC0001952A4 /* Movie.swift */,
			);
			path = Model;
			sourceTree = "<group>";
		};
		412BF39A27270599001B262E /* Generic */ = {
			isa = PBXGroup;
			children = (
				41F5305927261DA7001952A4 /* APIRequest.swift */,
				41F5305F27261F15001952A4 /* ImageLoader.swift */,
				41F5306627261F90001952A4 /* AsyncImage.swift */,
				419F2D80272788D50041D5E0 /* SearchBar.swift */,
			);
			path = Generic;
			sourceTree = "<group>";
		};
		41F5302F27243A84001952A4 = {
			isa = PBXGroup;
			children = (
				419F2D862727B83A0041D5E0 /* Readme.md */,
				41F5303A27243A84001952A4 /* KUMUvie */,
				41F5303927243A84001952A4 /* Products */,
			);
			sourceTree = "<group>";
		};
		41F5303927243A84001952A4 /* Products */ = {
			isa = PBXGroup;
			children = (
				41F5303827243A84001952A4 /* KUMUvie.app */,
			);
			name = Products;
			sourceTree = "<group>";
		};
		41F5303A27243A84001952A4 /* KUMUvie */ = {
			isa = PBXGroup;
			children = (
				41F5303B27243A84001952A4 /* KUMUvieApp.swift */,
				412BF39A27270599001B262E /* Generic */,
				412BF39727270568001B262E /* View */,
				412BF39827270575001B262E /* ViewModel */,
				412BF39927270582001B262E /* Model */,
				41F5303F27243A85001952A4 /* Assets.xcassets */,
				41F5304927243A86001952A4 /* Info.plist */,
				41F5304127243A85001952A4 /* Preview Content */,
			);
			path = KUMUvie;
			sourceTree = "<group>";
		};
		41F5304127243A85001952A4 /* Preview Content */ = {
			isa = PBXGroup;
			children = (
				41F5304227243A85001952A4 /* Preview Assets.xcassets */,
			);
			path = "Preview Content";
			sourceTree = "<group>";
		};
/* End PBXGroup section */

/* Begin PBXNativeTarget section */
		41F5303727243A84001952A4 /* KUMUvie */ = {
			isa = PBXNativeTarget;
			buildConfigurationList = 41F5304C27243A86001952A4 /* Build configuration list for PBXNativeTarget "KUMUvie" */;
			buildPhases = (
				41F5303427243A84001952A4 /* Sources */,
				41F5303527243A84001952A4 /* Frameworks */,
				41F5303627243A84001952A4 /* Resources */,
			);
			buildRules = (
			);
			dependencies = (
			);
			name = KUMUvie;
			productName = KUMUvie;
			productReference = 41F5303827243A84001952A4 /* KUMUvie.app */;
			productType = "com.apple.product-type.application";
		};
/* End PBXNativeTarget section */

/* Begin PBXProject section */
		41F5303027243A84001952A4 /* Project object */ = {
			isa = PBXProject;
			attributes = {
				LastSwiftUpdateCheck = 1240;
				LastUpgradeCheck = 1240;
				TargetAttributes = {
					41F5303727243A84001952A4 = {
						CreatedOnToolsVersion = 12.4;
					};
				};
			};
			buildConfigurationList = 41F5303327243A84001952A4 /* Build configuration list for PBXProject "KUMUvie" */;
			compatibilityVersion = "Xcode 9.3";
			developmentRegion = en;
			hasScannedForEncodings = 0;
			knownRegions = (
				en,
				Base,
			);
			mainGroup = 41F5302F27243A84001952A4;
			productRefGroup = 41F5303927243A84001952A4 /* Products */;
			projectDirPath = "";
			projectRoot = "";
			targets = (
				41F5303727243A84001952A4 /* KUMUvie */,
			);
		};
/* End PBXProject section */

/* Begin PBXResourcesBuildPhase section */
		41F5303627243A84001952A4 /* Resources */ = {
			isa = PBXResourcesBuildPhase;
			buildActionMask = 2147483647;
			files = (
				41F5304327243A85001952A4 /* Preview Assets.xcassets in Resources */,
				41F5304027243A85001952A4 /* Assets.xcassets in Resources */,
				419F2D872727B83A0041D5E0 /* Readme.md in Resources */,
			);
			runOnlyForDeploymentPostprocessing = 0;
		};
/* End PBXResourcesBuildPhase section */

/* Begin PBXSourcesBuildPhase section */
		41F5303427243A84001952A4 /* Sources */ = {
			isa = PBXSourcesBuildPhase;
			buildActionMask = 2147483647;
			files = (
				419F2D81272788D50041D5E0 /* SearchBar.swift in Sources */,
				41F5306027261F15001952A4 /* ImageLoader.swift in Sources */,
				41F53052272612D7001952A4 /* MovieListView.swift in Sources */,
				41F5304827243A86001952A4 /* KUMUvie.xcdatamodeld in Sources */,
				412BF39D27270E03001B262E /* MovieRowView.swift in Sources */,
				41F5305D27261DC0001952A4 /* Movie.swift in Sources */,
				41F5306727261F90001952A4 /* AsyncImage.swift in Sources */,
				41F5303C27243A84001952A4 /* KUMUvieApp.swift in Sources */,
				41F5305A27261DA7001952A4 /* APIRequest.swift in Sources */,
				41F5305727261D8F001952A4 /* MovieViewModel.swift in Sources */,
				41F5309D27269DC8001952A4 /* Persistence.swift in Sources */,
				412BF3952726D0E4001B262E /* MovieDetailView.swift in Sources */,
			);
			runOnlyForDeploymentPostprocessing = 0;
		};
/* End PBXSourcesBuildPhase section */

/* Begin XCBuildConfiguration section */
		41F5304A27243A86001952A4 /* Debug */ = {
			isa = XCBuildConfiguration;
			buildSettings = {
				ALWAYS_SEARCH_USER_PATHS = NO;
				CLANG_ANALYZER_NONNULL = YES;
				CLANG_ANALYZER_NUMBER_OBJECT_CONVERSION = YES_AGGRESSIVE;
				CLANG_CXX_LANGUAGE_STANDARD = "gnu++14";
				CLANG_CXX_LIBRARY = "libc++";
				CLANG_ENABLE_MODULES = YES;
				CLANG_ENABLE_OBJC_ARC = YES;
				CLANG_ENABLE_OBJC_WEAK = YES;
				CLANG_WARN_BLOCK_CAPTURE_AUTORELEASING = YES;
				CLANG_WARN_BOOL_CONVERSION = YES;
				CLANG_WARN_COMMA = YES;
				CLANG_WARN_CONSTANT_CONVERSION = YES;
				CLANG_WARN_DEPRECATED_OBJC_IMPLEMENTATIONS = YES;
				CLANG_WARN_DIRECT_OBJC_ISA_USAGE = YES_ERROR;
				CLANG_WARN_DOCUMENTATION_COMMENTS = YES;
				CLANG_WARN_EMPTY_BODY = YES;
				CLANG_WARN_ENUM_CONVERSION = YES;
				CLANG_WARN_INFINITE_RECURSION = YES;
				CLANG_WARN_INT_CONVERSION = YES;
				CLANG_WARN_NON_LITERAL_NULL_CONVERSION = YES;
				CLANG_WARN_OBJC_IMPLICIT_RETAIN_SELF = YES;
				CLANG_WARN_OBJC_LITERAL_CONVERSION = YES;
				CLANG_WARN_OBJC_ROOT_CLASS = YES_ERROR;
				CLANG_WARN_QUOTED_INCLUDE_IN_FRAMEWORK_HEADER = YES;
				CLANG_WARN_RANGE_LOOP_ANALYSIS = YES;
				CLANG_WARN_STRICT_PROTOTYPES = YES;
				CLANG_WARN_SUSPICIOUS_MOVE = YES;
				CLANG_WARN_UNGUARDED_AVAILABILITY = YES_AGGRESSIVE;
				CLANG_WARN_UNREACHABLE_CODE = YES;
				CLANG_WARN__DUPLICATE_METHOD_MATCH = YES;
				COPY_PHASE_STRIP = NO;
				DEBUG_INFORMATION_FORMAT = dwarf;
				ENABLE_STRICT_OBJC_MSGSEND = YES;
				ENABLE_TESTABILITY = YES;
				GCC_C_LANGUAGE_STANDARD = gnu11;
				GCC_DYNAMIC_NO_PIC = NO;
				GCC_NO_COMMON_BLOCKS = YES;
				GCC_OPTIMIZATION_LEVEL = 0;
				GCC_PREPROCESSOR_DEFINITIONS = (
					"DEBUG=1",
					"$(inherited)",
				);
				GCC_WARN_64_TO_32_BIT_CONVERSION = YES;
				GCC_WARN_ABOUT_RETURN_TYPE = YES_ERROR;
				GCC_WARN_UNDECLARED_SELECTOR = YES;
				GCC_WARN_UNINITIALIZED_AUTOS = YES_AGGRESSIVE;
				GCC_WARN_UNUSED_FUNCTION = YES;
				GCC_WARN_UNUSED_VARIABLE = YES;
				IPHONEOS_DEPLOYMENT_TARGET = 14.4;
				MTL_ENABLE_DEBUG_INFO = INCLUDE_SOURCE;
				MTL_FAST_MATH = YES;
				ONLY_ACTIVE_ARCH = YES;
				SDKROOT = iphoneos;
				SWIFT_ACTIVE_COMPILATION_CONDITIONS = DEBUG;
				SWIFT_OPTIMIZATION_LEVEL = "-Onone";
			};
			name = Debug;
		};
		41F5304B27243A86001952A4 /* Release */ = {
			isa = XCBuildConfiguration;
			buildSettings = {
				ALWAYS_SEARCH_USER_PATHS = NO;
				CLANG_ANALYZER_NONNULL = YES;
				CLANG_ANALYZER_NUMBER_OBJECT_CONVERSION = YES_AGGRESSIVE;
				CLANG_CXX_LANGUAGE_STANDARD = "gnu++14";
				CLANG_CXX_LIBRARY = "libc++";
				CLANG_ENABLE_MODULES = YES;
				CLANG_ENABLE_OBJC_ARC = YES;
				CLANG_ENABLE_OBJC_WEAK = YES;
				CLANG_WARN_BLOCK_CAPTURE_AUTORELEASING = YES;
				CLANG_WARN_BOOL_CONVERSION = YES;
				CLANG_WARN_COMMA = YES;
				CLANG_WARN_CONSTANT_CONVERSION = YES;
				CLANG_WARN_DEPRECATED_OBJC_IMPLEMENTATIONS = YES;
				CLANG_WARN_DIRECT_OBJC_ISA_USAGE = YES_ERROR;
				CLANG_WARN_DOCUMENTATION_COMMENTS = YES;
				CLANG_WARN_EMPTY_BODY = YES;
				CLANG_WARN_ENUM_CONVERSION = YES;
				CLANG_WARN_INFINITE_RECURSION = YES;
				CLANG_WARN_INT_CONVERSION = YES;
				CLANG_WARN_NON_LITERAL_NULL_CONVERSION = YES;
				CLANG_WARN_OBJC_IMPLICIT_RETAIN_SELF = YES;
				CLANG_WARN_OBJC_LITERAL_CONVERSION = YES;
				CLANG_WARN_OBJC_ROOT_CLASS = YES_ERROR;
				CLANG_WARN_QUOTED_INCLUDE_IN_FRAMEWORK_HEADER = YES;
				CLANG_WARN_RANGE_LOOP_ANALYSIS = YES;
				CLANG_WARN_STRICT_PROTOTYPES = YES;
				CLANG_WARN_SUSPICIOUS_MOVE = YES;
				CLANG_WARN_UNGUARDED_AVAILABILITY = YES_AGGRESSIVE;
				CLANG_WARN_UNREACHABLE_CODE = YES;
				CLANG_WARN__DUPLICATE_METHOD_MATCH = YES;
				COPY_PHASE_STRIP = NO;
				DEBUG_INFORMATION_FORMAT = "dwarf-with-dsym";
				ENABLE_NS_ASSERTIONS = NO;
				ENABLE_STRICT_OBJC_MSGSEND = YES;
				GCC_C_LANGUAGE_STANDARD = gnu11;
				GCC_NO_COMMON_BLOCKS = YES;
				GCC_WARN_64_TO_32_BIT_CONVERSION = YES;
				GCC_WARN_ABOUT_RETURN_TYPE = YES_ERROR;
				GCC_WARN_UNDECLARED_SELECTOR = YES;
				GCC_WARN_UNINITIALIZED_AUTOS = YES_AGGRESSIVE;
				GCC_WARN_UNUSED_FUNCTION = YES;
				GCC_WARN_UNUSED_VARIABLE = YES;
				IPHONEOS_DEPLOYMENT_TARGET = 14.4;
				MTL_ENABLE_DEBUG_INFO = NO;
				MTL_FAST_MATH = YES;
				SDKROOT = iphoneos;
				SWIFT_COMPILATION_MODE = wholemodule;
				SWIFT_OPTIMIZATION_LEVEL = "-O";
				VALIDATE_PRODUCT = YES;
			};
			name = Release;
		};
		41F5304D27243A86001952A4 /* Debug */ = {
			isa = XCBuildConfiguration;
			buildSettings = {
				ASSETCATALOG_COMPILER_APPICON_NAME = AppIcon;
				ASSETCATALOG_COMPILER_GLOBAL_ACCENT_COLOR_NAME = AccentColor;
				CODE_SIGN_STYLE = Automatic;
				DEVELOPMENT_ASSET_PATHS = "\"KUMUvie/Preview Content\"";
				ENABLE_PREVIEWS = YES;
				INFOPLIST_FILE = KUMUvie/Info.plist;
				IPHONEOS_DEPLOYMENT_TARGET = 14.0;
				LD_RUNPATH_SEARCH_PATHS = (
					"$(inherited)",
					"@executable_path/Frameworks",
				);
				PRODUCT_BUNDLE_IDENTIFIER = com.kloud.KUMUvie;
				PRODUCT_NAME = "$(TARGET_NAME)";
				SWIFT_VERSION = 5.0;
				TARGETED_DEVICE_FAMILY = "1,2";
			};
			name = Debug;
		};
		41F5304E27243A86001952A4 /* Release */ = {
			isa = XCBuildConfiguration;
			buildSettings = {
				ASSETCATALOG_COMPILER_APPICON_NAME = AppIcon;
				ASSETCATALOG_COMPILER_GLOBAL_ACCENT_COLOR_NAME = AccentColor;
				CODE_SIGN_STYLE = Automatic;
				DEVELOPMENT_ASSET_PATHS = "\"KUMUvie/Preview Content\"";
				ENABLE_PREVIEWS = YES;
				INFOPLIST_FILE = KUMUvie/Info.plist;
				IPHONEOS_DEPLOYMENT_TARGET = 14.0;
				LD_RUNPATH_SEARCH_PATHS = (
					"$(inherited)",
					"@executable_path/Frameworks",
				);
				PRODUCT_BUNDLE_IDENTIFIER = com.kloud.KUMUvie;
				PRODUCT_NAME = "$(TARGET_NAME)";
				SWIFT_VERSION = 5.0;
				TARGETED_DEVICE_FAMILY = "1,2";
			};
			name = Release;
		};
/* End XCBuildConfiguration section */

/* Begin XCConfigurationList section */
		41F5303327243A84001952A4 /* Build configuration list for PBXProject "KUMUvie" */ = {
			isa = XCConfigurationList;
			buildConfigurations = (
				41F5304A27243A86001952A4 /* Debug */,
				41F5304B27243A86001952A4 /* Release */,
			);
			defaultConfigurationIsVisible = 0;
			defaultConfigurationName = Release;
		};
		41F5304C27243A86001952A4 /* Build configuration list for PBXNativeTarget "KUMUvie" */ = {
			isa = XCConfigurationList;
			buildConfigurations = (
				41F5304D27243A86001952A4 /* Debug */,
				41F5304E27243A86001952A4 /* Release */,
			);
			defaultConfigurationIsVisible = 0;
			defaultConfigurationName = Release;
		};
/* End XCConfigurationList section */

/* Begin XCVersionGroup section */
		41F5304627243A86001952A4 /* KUMUvie.xcdatamodeld */ = {
			isa = XCVersionGroup;
			children = (
				41F5304727243A86001952A4 /* KUMUvie.xcdatamodel */,
			);
			currentVersion = 41F5304727243A86001952A4 /* KUMUvie.xcdatamodel */;
			path = KUMUvie.xcdatamodeld;
			sourceTree = "<group>";
			versionGroupType = wrapper.xcdatamodel;
		};
/* End XCVersionGroup section */
	};
	rootObject = 41F5303027243A84001952A4 /* Project object */;
}
